
Microsoft Visual Studio Solution File, Format Version 12.00
# Visual Studio Version 17
VisualStudioVersion = 17.9.34728.123
MinimumVisualStudioVersion = 10.0.40219.1
Project("{FAE04EC0-301F-11D3-BF4B-00C04F79EFBC}") = "StateManagementDemo", "StateManagementDemo\StateManagementDemo.csproj", "{8035C9A9-F516-4A97-880C-7F595CA69FF3}"
EndProject
Global
	GlobalSection(SolutionConfigurationPlatforms) = preSolution
		Debug|Any CPU = Debug|Any CPU
		Release|Any CPU = Release|Any CPU
	EndGlobalSection
	GlobalSection(ProjectConfigurationPlatforms) = postSolution
		{8035C9A9-F516-4A97-880C-7F595CA69FF3}.Debug|Any CPU.ActiveCfg = Debug|Any CPU
		{8035C9A9-F516-4A97-880C-7F595CA69FF3}.Debug|Any CPU.Build.0 = Debug|Any CPU
		{8035C9A9-F516-4A97-880C-7F595CA69FF3}.Release|Any CPU.ActiveCfg = Release|Any CPU
		{8035C9A9-F516-4A97-880C-7F595CA69FF3}.Release|Any CPU.Build.0 = Release|Any CPU
	EndGlobalSection
	GlobalSection(SolutionProperties) = preSolution
		HideSolutionNode = FALSE
	EndGlobalSection
	GlobalSection(ExtensibilityGlobals) = postSolution
		SolutionGuid = {9AD4A11C-D54D-4CAB-A3C4-8CE7C54BD6AD}
	EndGlobalSection
EndGlobal
